
Microsoft Visual Studio Solution File, Format Version 12.00
# Visual Studio Version 17
VisualStudioVersion = 17.5.002.0
MinimumVisualStudioVersion = 10.0.40219.1
Project("{9A19103F-16F7-4668-BE54-9A1E7A4F7556}") = "BlazorStaff", "BlazorStaff.csproj", "{E58F7635-3712-473A-A324-3DA6BF22085C}"
EndProject
Global
	GlobalSection(SolutionConfigurationPlatforms) = preSolution
		Debug|Any CPU = Debug|Any CPU
		Release|Any CPU = Release|Any CPU
	EndGlobalSection
	GlobalSection(ProjectConfigurationPlatforms) = postSolution
		{E58F7635-3712-473A-A324-3DA6BF22085C}.Debug|Any CPU.ActiveCfg = Debug|Any CPU
		{E58F7635-3712-473A-A324-3DA6BF22085C}.Debug|Any CPU.Build.0 = Debug|Any CPU
		{E58F7635-3712-473A-A324-3DA6BF22085C}.Release|Any CPU.ActiveCfg = Release|Any CPU
		{E58F7635-3712-473A-A324-3DA6BF22085C}.Release|Any CPU.Build.0 = Release|Any CPU
	EndGlobalSection
	GlobalSection(SolutionProperties) = preSolution
		HideSolutionNode = FALSE
	EndGlobalSection
	GlobalSection(ExtensibilityGlobals) = postSolution
		SolutionGuid = {3EFA66D7-FC22-4E6C-A486-2AB9162DD1DD}
	EndGlobalSection
EndGlobal
